
Microsoft Visual Studio Solution File, Format Version 11.00
# Visual Studio 2010
Project("{FAE04EC0-301F-11D3-BF4B-00C04F79EFBC}") = "ContosoUniversity", "ContosoUniversity\ContosoUniversity.csproj", "{DF4627B7-526F-4332-9B48-92C82CB8F15D}"
EndProject
Global
	GlobalSection(SolutionConfigurationPlatforms) = preSolution
		Debug|Any CPU = Debug|Any CPU
		Release|Any CPU = Release|Any CPU
	EndGlobalSection
	GlobalSection(ProjectConfigurationPlatforms) = postSolution
		{DF4627B7-526F-4332-9B48-92C82CB8F15D}.Debug|Any CPU.ActiveCfg = Debug|Any CPU
		{DF4627B7-526F-4332-9B48-92C82CB8F15D}.Debug|Any CPU.Build.0 = Debug|Any CPU
		{DF4627B7-526F-4332-9B48-92C82CB8F15D}.Release|Any CPU.ActiveCfg = Release|Any CPU
		{DF4627B7-526F-4332-9B48-92C82CB8F15D}.Release|Any CPU.Build.0 = Release|Any CPU
	EndGlobalSection
	GlobalSection(SolutionProperties) = preSolution
		HideSolutionNode = FALSE
	EndGlobalSection
EndGlobal
